{
  "version": 4,
  "terraform_version": "1.6.2",
  "serial": 18,
  "lineage": "2acb82b0-f275-fe24-818b-daf73d1f7396",
  "outputs": {
    "TEST_DB_PRIVATE_IP": {
      "value": "10.28.113.3",
      "type": "string"
    }
  },
  "resources": [
    {
      "mode": "managed",
      "type": "google_compute_global_address",
      "name": "db_private_ip_address",
      "provider": "provider[\"registry.terraform.io/hashicorp/google\"]",
      "instances": [
        {
          "schema_version": 0,
          "attributes": {
            "address": "10.28.113.0",
            "address_type": "INTERNAL",
            "creation_timestamp": "2023-10-25T19:15:18.900-07:00",
            "description": "",
            "id": "projects/test12-402508/global/addresses/gcpzg-private-ip-address",
            "ip_version": "",
            "name": "gcpzg-private-ip-address",
            "network": "https://www.googleapis.com/compute/v1/projects/test12-402508/global/networks/gcpzg-vpc",
            "prefix_length": 24,
            "project": "test12-402508",
            "purpose": "VPC_PEERING",
            "self_link": "https://www.googleapis.com/compute/v1/projects/test12-402508/global/addresses/gcpzg-private-ip-address",
            "timeouts": null
          },
          "sensitive_attributes": [],
          "private": "eyJlMmJmYjczMC1lY2FhLTExZTYtOGY4OC0zNDM2M2JjN2M0YzAiOnsiY3JlYXRlIjoxMjAwMDAwMDAwMDAwLCJkZWxldGUiOjEyMDAwMDAwMDAwMDB9fQ==",
          "dependencies": [
            "google_compute_network.gcpzg_vpc"
          ]
        }
      ]
    },
    {
      "mode": "managed",
      "type": "google_compute_network",
      "name": "gcpzg_vpc",
      "provider": "provider[\"registry.terraform.io/hashicorp/google\"]",
      "instances": [
        {
          "schema_version": 0,
          "attributes": {
            "auto_create_subnetworks": false,
            "delete_default_routes_on_create": false,
            "description": "",
            "enable_ula_internal_ipv6": false,
            "gateway_ipv4": "",
            "id": "projects/test12-402508/global/networks/gcpzg-vpc",
            "internal_ipv6_range": "",
            "mtu": 0,
            "name": "gcpzg-vpc",
            "project": "test12-402508",
            "routing_mode": "REGIONAL",
            "self_link": "https://www.googleapis.com/compute/v1/projects/test12-402508/global/networks/gcpzg-vpc",
            "timeouts": null
          },
          "sensitive_attributes": [],
          "private": "eyJlMmJmYjczMC1lY2FhLTExZTYtOGY4OC0zNDM2M2JjN2M0YzAiOnsiY3JlYXRlIjoxMjAwMDAwMDAwMDAwLCJkZWxldGUiOjEyMDAwMDAwMDAwMDAsInVwZGF0ZSI6MTIwMDAwMDAwMDAwMH19"
        }
      ]
    },
    {
      "mode": "managed",
      "type": "google_compute_subnetwork",
      "name": "gcpzg_subnet_ane3",
      "provider": "provider[\"registry.terraform.io/hashicorp/google\"]",
      "instances": [
        {
          "schema_version": 0,
          "attributes": {
            "creation_timestamp": "2023-10-25T19:15:20.107-07:00",
            "description": "",
            "external_ipv6_prefix": "",
            "fingerprint": null,
            "gateway_address": "10.0.1.1",
            "id": "projects/test12-402508/regions/asia-northeast3/subnetworks/gcpzg-subnet-ane3",
            "ip_cidr_range": "10.0.1.0/24",
            "ipv6_access_type": "",
            "ipv6_cidr_range": "",
            "log_config": [
              {
                "aggregation_interval": "INTERVAL_30_SEC",
                "filter_expr": "true",
                "flow_sampling": 0.5,
                "metadata": "INCLUDE_ALL_METADATA",
                "metadata_fields": null
              }
            ],
            "name": "gcpzg-subnet-ane3",
            "network": "https://www.googleapis.com/compute/v1/projects/test12-402508/global/networks/gcpzg-vpc",
            "private_ip_google_access": true,
            "private_ipv6_google_access": "DISABLE_GOOGLE_ACCESS",
            "project": "test12-402508",
            "purpose": "PRIVATE",
            "region": "asia-northeast3",
            "role": "",
            "secondary_ip_range": [],
            "self_link": "https://www.googleapis.com/compute/v1/projects/test12-402508/regions/asia-northeast3/subnetworks/gcpzg-subnet-ane3",
            "stack_type": "IPV4_ONLY",
            "timeouts": null
          },
          "sensitive_attributes": [],
          "private": "eyJlMmJmYjczMC1lY2FhLTExZTYtOGY4OC0zNDM2M2JjN2M0YzAiOnsiY3JlYXRlIjoxMjAwMDAwMDAwMDAwLCJkZWxldGUiOjEyMDAwMDAwMDAwMDAsInVwZGF0ZSI6MTIwMDAwMDAwMDAwMH19",
          "dependencies": [
            "google_compute_network.gcpzg_vpc"
          ]
        }
      ]
    },
    {
      "mode": "managed",
      "type": "google_container_cluster",
      "name": "gke_ane3_prod",
      "provider": "provider[\"registry.terraform.io/hashicorp/google\"]",
      "instances": [
        {
          "schema_version": 1,
          "attributes": {
            "addons_config": [
              {
                "cloudrun_config": [],
                "dns_cache_config": [],
                "gce_persistent_disk_csi_driver_config": [
                  {
                    "enabled": true
                  }
                ],
                "gcp_filestore_csi_driver_config": [],
                "horizontal_pod_autoscaling": [
                  {
                    "disabled": false
                  }
                ],
                "http_load_balancing": [
                  {
                    "disabled": false
                  }
                ],
                "network_policy_config": [
                  {
                    "disabled": true
                  }
                ]
              }
            ],
            "authenticator_groups_config": [],
            "binary_authorization": [
              {
                "enabled": false,
                "evaluation_mode": ""
              }
            ],
            "cluster_autoscaling": [
              {
                "auto_provisioning_defaults": [],
                "enabled": false,
                "resource_limits": []
              }
            ],
            "cluster_ipv4_cidr": "10.52.0.0/14",
            "confidential_nodes": [],
            "cost_management_config": [],
            "database_encryption": [
              {
                "key_name": "",
                "state": "DECRYPTED"
              }
            ],
            "datapath_provider": "",
            "default_max_pods_per_node": 110,
            "default_snat_status": [
              {
                "disabled": false
              }
            ],
            "description": "",
            "dns_config": [],
            "enable_autopilot": false,
            "enable_binary_authorization": false,
            "enable_intranode_visibility": true,
            "enable_kubernetes_alpha": false,
            "enable_legacy_abac": false,
            "enable_shielded_nodes": true,
            "enable_tpu": false,
            "endpoint": "34.64.76.199",
            "id": "projects/test12-402508/locations/asia-northeast3/clusters/gcpzg-gke-prod-ane3",
            "initial_node_count": 1,
            "ip_allocation_policy": [
              {
                "cluster_ipv4_cidr_block": "10.52.0.0/14",
                "cluster_secondary_range_name": "gke-gcpzg-gke-prod-ane3-pods-83944972",
                "services_ipv4_cidr_block": "10.56.0.0/20",
                "services_secondary_range_name": "gke-gcpzg-gke-prod-ane3-services-83944972"
              }
            ],
            "label_fingerprint": "a9dc16a7",
            "location": "asia-northeast3",
            "logging_config": [
              {
                "enable_components": [
                  "SYSTEM_COMPONENTS",
                  "WORKLOADS"
                ]
              }
            ],
            "logging_service": "logging.googleapis.com/kubernetes",
            "maintenance_policy": [],
            "master_auth": [
              {
                "client_certificate": "",
                "client_certificate_config": [
                  {
                    "issue_client_certificate": false
                  }
                ],
                "client_key": "",
                "cluster_ca_certificate": "LS0tLS1CRUdJTiBDRVJUSUZJQ0FURS0tLS0tCk1JSUVMVENDQXBXZ0F3SUJBZ0lSQVBJd2dqU0t2ZVlnWmpFNmJUVmt1eVF3RFFZSktvWklodmNOQVFFTEJRQXcKTHpFdE1Dc0dBMVVFQXhNa05EY3pNRFJpT0RZdE16RmlaUzAwTVdVM0xXRXlZakV0TUdNNVlqQmpPRGhtTm1aagpNQ0FYRFRJek1UQXlOakF4TVRVME1sb1lEekl3TlRNeE1ERTRNREl4TlRReVdqQXZNUzB3S3dZRFZRUURFeVEwCk56TXdOR0k0Tmkwek1XSmxMVFF4WlRjdFlUSmlNUzB3WXpsaU1HTTRPR1kyWm1Nd2dnR2lNQTBHQ1NxR1NJYjMKRFFFQkFRVUFBNElCandBd2dnR0tBb0lCZ1FETHkxVnZ6VjVISE0rTVc1SGxReUYvdVk5OEhMSGVoeE9nY3JZSgpqVks1WnpQZGMzRXJ3ampxWUlOc3hkRng3ckp0SHg4djA3cnJ6bTdlSTdTbi9UZlpGMDVmc1dzNXJCdEQydndiClFNV0Y0cGNkVVZ1R0xFSGIxd3UwV0lLWTM0QkwvUXRPNXZKTXMvK29YTHlKbVA2VGZUZnZJajJZdTgwVE1JM0IKVGxVTWdvQjNHYmtIaTZ5OEVpTHo4dEZteVhmK1AwV3pLdFZDUFJnOEM0M2F0VWIza0dNejVYbjU1MTkxbnVsTgp0aW8zbGxoTktmR1FlN3VhRlR5bG1QMkppWVB4RHpHdlEzTzZyZDRENjBCdDVPTHVBY1FraEllMmlJQ1JlbC9MCnJWSEppTGFaUXBIUXFTUnVnZndETmdjWi9VRHN0RE9XRUNYeDNjUHFoZm5QV05QS1VtNXFTWStHSGxNQUM4Q1oKL29oUnJybmtzRmExZUdrSjdVdlN0RHZ2eHhQMU11ZnNVdzFsQk9yR0t6MTNFSFVZQ1gvZGV6QUl6RFlIRmgyYwpkaEFwMmhIeG9aV3ozcGZjL29qOXc5VHNLaEdDTGhyejd5N2lyZksyUTltMUxSQWNCQlpyUlBucUhYVWt3Z3QvCkNsRS9veXFEbVBBdjMwQWtkV2Q5ZERqNjBJY0NBd0VBQWFOQ01FQXdEZ1lEVlIwUEFRSC9CQVFEQWdJRU1BOEcKQTFVZEV3RUIvd1FGTUFNQkFmOHdIUVlEVlIwT0JCWUVGRVJON1VLSUZIamlFMGZmakM1MmVOSmZ0Y3ByTUEwRwpDU3FHU0liM0RRRUJDd1VBQTRJQmdRQ2d1QkFPeDZWaW1sd0NhN2ZYM0VCQXliMDk0ZHJCQW9VcWpmaU5CRUwxCnBEYUxGWEJBK0pXazNWWnJIWU12U0t4NEIrcGdJYzV0WFpSQmZUYldHVEVxLzBRME54SHJJWWh3aVoxZzZNNHkKZzU5RUNHZEVSb0gvM3VrRkZmUi9xTGdkY2dnVmdlamlpY3piMGtNRTZtVDBIMHUrSEhwQm4rdDZkbGRCN1BlcgpCTXBkTU5EdXgvMFhqZUNWU1EyVlJWRDRJTnhjZlNjZ2dBZmZRRmwreFdrOVc0cXN6cXlEN1N4d1kvbzhvdFk5ClUzMitVRWJiaGt1aWRCN29wczdtek9EeGZSdzhNTHRoNXVRUG8vVlgzaVZTZEhQbE8xRjVkSnM5Z0RmbVFXdzAKT3pnL0JROGt1UGgrRFBjYnl5UjdwMFdaUzZyeXh1Q3J4UFlLeC9qVDhGeDU3U285U1ZKNjY3ZjNESStSemhCagpsYnE5YVh1cnh1ZXJIQ1ZEeE1TcjRDWnh5bjJFRXpYMDdUV1dtb3BFMVo2aTlRNnQrbVZVeXlQQ2k2N3cyV3BXCktzMGhia2RHKzh0eVU0VEJseDFCRUNwMWZOdDVpZkJBZHJOem9VMDJQOEw4bzZDZnpwd0VpMkNCSkV6Rjd5WWUKWld4b250akU4ZzJnRkRJZkNua2E4SjQ9Ci0tLS0tRU5EIENFUlRJRklDQVRFLS0tLS0K"
              }
            ],
            "master_authorized_networks_config": [],
            "master_version": "1.27.3-gke.100",
            "mesh_certificates": [],
            "min_master_version": null,
            "monitoring_config": [
              {
                "enable_components": [
                  "SYSTEM_COMPONENTS"
                ]
              }
            ],
            "monitoring_service": "monitoring.googleapis.com/kubernetes",
            "name": "gcpzg-gke-prod-ane3",
            "network": "projects/test12-402508/global/networks/gcpzg-vpc",
            "network_policy": [
              {
                "enabled": false,
                "provider": "PROVIDER_UNSPECIFIED"
              }
            ],
            "networking_mode": "VPC_NATIVE",
            "node_config": [],
            "node_locations": [
              "asia-northeast3-a",
              "asia-northeast3-b",
              "asia-northeast3-c"
            ],
            "node_pool": [],
            "node_version": "1.27.3-gke.100",
            "notification_config": [
              {
                "pubsub": [
                  {
                    "enabled": false,
                    "filter": [],
                    "topic": ""
                  }
                ]
              }
            ],
            "operation": null,
            "private_cluster_config": [
              {
                "enable_private_endpoint": false,
                "enable_private_nodes": true,
                "master_global_access_config": [
                  {
                    "enabled": true
                  }
                ],
                "master_ipv4_cidr_block": "192.168.0.0/28",
                "peering_name": "gke-n0397f3b4d1410c76bc1-e0ba-c177-peer",
                "private_endpoint": "192.168.0.2",
                "public_endpoint": "34.64.76.199"
              }
            ],
            "private_ipv6_google_access": "",
            "project": "test12-402508",
            "release_channel": [
              {
                "channel": "REGULAR"
              }
            ],
            "remove_default_node_pool": true,
            "resource_labels": null,
            "resource_usage_export_config": [],
            "self_link": "https://container.googleapis.com/v1/projects/test12-402508/locations/asia-northeast3/clusters/gcpzg-gke-prod-ane3",
            "service_external_ips_config": [
              {
                "enabled": false
              }
            ],
            "services_ipv4_cidr": "10.56.0.0/20",
            "subnetwork": "projects/test12-402508/regions/asia-northeast3/subnetworks/gcpzg-subnet-ane3",
            "timeouts": null,
            "tpu_ipv4_cidr_block": "",
            "vertical_pod_autoscaling": [
              {
                "enabled": false
              }
            ],
            "workload_identity_config": []
          },
          "sensitive_attributes": [],
          "private": "eyJlMmJmYjczMC1lY2FhLTExZTYtOGY4OC0zNDM2M2JjN2M0YzAiOnsiY3JlYXRlIjoyNDAwMDAwMDAwMDAwLCJkZWxldGUiOjI0MDAwMDAwMDAwMDAsInJlYWQiOjI0MDAwMDAwMDAwMDAsInVwZGF0ZSI6MzYwMDAwMDAwMDAwMH0sInNjaGVtYV92ZXJzaW9uIjoiMSJ9",
          "dependencies": [
            "google_compute_network.gcpzg_vpc",
            "google_compute_subnetwork.gcpzg_subnet_ane3"
          ]
        }
      ]
    },
    {
      "mode": "managed",
      "type": "google_container_node_pool",
      "name": "gke_node_pool_abc_prod",
      "provider": "provider[\"registry.terraform.io/hashicorp/google\"]",
      "instances": [
        {
          "schema_version": 1,
          "attributes": {
            "autoscaling": [
              {
                "location_policy": "BALANCED",
                "max_node_count": 6,
                "min_node_count": 2,
                "total_max_node_count": 0,
                "total_min_node_count": 0
              }
            ],
            "cluster": "projects/test12-402508/locations/asia-northeast3/clusters/gcpzg-gke-prod-ane3",
            "id": "projects/test12-402508/locations/asia-northeast3/clusters/gcpzg-gke-prod-ane3/nodePools/gcpzg-nodepool-prod-ane3-abc",
            "initial_node_count": 2,
            "instance_group_urls": [
              "https://www.googleapis.com/compute/v1/projects/test12-402508/zones/asia-northeast3-a/instanceGroupManagers/gke-gcpzg-gke-prod-a-gcpzg-nodepool-p-e357b220-grp",
              "https://www.googleapis.com/compute/v1/projects/test12-402508/zones/asia-northeast3-b/instanceGroupManagers/gke-gcpzg-gke-prod-a-gcpzg-nodepool-p-563a15b7-grp",
              "https://www.googleapis.com/compute/v1/projects/test12-402508/zones/asia-northeast3-c/instanceGroupManagers/gke-gcpzg-gke-prod-a-gcpzg-nodepool-p-2ae20c55-grp"
            ],
            "location": "asia-northeast3",
            "managed_instance_group_urls": [
              "https://www.googleapis.com/compute/v1/projects/test12-402508/zones/asia-northeast3-a/instanceGroups/gke-gcpzg-gke-prod-a-gcpzg-nodepool-p-e357b220-grp",
              "https://www.googleapis.com/compute/v1/projects/test12-402508/zones/asia-northeast3-b/instanceGroups/gke-gcpzg-gke-prod-a-gcpzg-nodepool-p-563a15b7-grp",
              "https://www.googleapis.com/compute/v1/projects/test12-402508/zones/asia-northeast3-c/instanceGroups/gke-gcpzg-gke-prod-a-gcpzg-nodepool-p-2ae20c55-grp"
            ],
            "management": [
              {
                "auto_repair": true,
                "auto_upgrade": true
              }
            ],
            "max_pods_per_node": 110,
            "name": "gcpzg-nodepool-prod-ane3-abc",
            "name_prefix": "",
            "node_config": [
              {
                "boot_disk_kms_key": "",
                "disk_size_gb": 10,
                "disk_type": "pd-standard",
                "gcfs_config": [],
                "guest_accelerator": [],
                "gvnic": [],
                "image_type": "COS_CONTAINERD",
                "labels": {},
                "local_ssd_count": 0,
                "machine_type": "e2-medium",
                "metadata": {
                  "disable-legacy-endpoints": "true"
                },
                "min_cpu_platform": "",
                "node_group": "",
                "oauth_scopes": [
                  "https://www.googleapis.com/auth/cloud-platform"
                ],
                "preemptible": false,
                "reservation_affinity": [],
                "service_account": "default",
                "shielded_instance_config": [
                  {
                    "enable_integrity_monitoring": true,
                    "enable_secure_boot": false
                  }
                ],
                "spot": false,
                "tags": null,
                "taint": [],
                "workload_metadata_config": []
              }
            ],
            "node_count": 2,
            "node_locations": [
              "asia-northeast3-a",
              "asia-northeast3-b",
              "asia-northeast3-c"
            ],
            "operation": null,
            "project": "test12-402508",
            "timeouts": null,
            "upgrade_settings": [
              {
                "max_surge": 1,
                "max_unavailable": 0
              }
            ],
            "version": "1.27.3-gke.100"
          },
          "sensitive_attributes": [],
          "private": "eyJlMmJmYjczMC1lY2FhLTExZTYtOGY4OC0zNDM2M2JjN2M0YzAiOnsiY3JlYXRlIjoxODAwMDAwMDAwMDAwLCJkZWxldGUiOjE4MDAwMDAwMDAwMDAsInVwZGF0ZSI6MTgwMDAwMDAwMDAwMH0sInNjaGVtYV92ZXJzaW9uIjoiMSJ9",
          "dependencies": [
            "google_compute_network.gcpzg_vpc",
            "google_compute_subnetwork.gcpzg_subnet_ane3",
            "google_container_cluster.gke_ane3_prod"
          ]
        }
      ]
    },
    {
      "mode": "managed",
      "type": "google_container_node_pool",
      "name": "test_node_pool_ane3_a",
      "provider": "provider[\"registry.terraform.io/hashicorp/google\"]",
      "instances": [
        {
          "schema_version": 1,
          "attributes": {
            "autoscaling": [
              {
                "location_policy": "BALANCED",
                "max_node_count": 10,
                "min_node_count": 2,
                "total_max_node_count": 0,
                "total_min_node_count": 0
              }
            ],
            "cluster": "projects/test12-402508/locations/asia-northeast3/clusters/gcpzg-gke-prod-ane3",
            "id": "projects/test12-402508/locations/asia-northeast3/clusters/gcpzg-gke-prod-ane3/nodePools/gcpzg-nodepool-test-ane3",
            "initial_node_count": 2,
            "instance_group_urls": [
              "https://www.googleapis.com/compute/v1/projects/test12-402508/zones/asia-northeast3-a/instanceGroupManagers/gke-gcpzg-gke-prod-a-gcpzg-nodepool-t-33551628-grp",
              "https://www.googleapis.com/compute/v1/projects/test12-402508/zones/asia-northeast3-b/instanceGroupManagers/gke-gcpzg-gke-prod-a-gcpzg-nodepool-t-1a57c996-grp",
              "https://www.googleapis.com/compute/v1/projects/test12-402508/zones/asia-northeast3-c/instanceGroupManagers/gke-gcpzg-gke-prod-a-gcpzg-nodepool-t-2588689f-grp"
            ],
            "location": "asia-northeast3",
            "managed_instance_group_urls": [
              "https://www.googleapis.com/compute/v1/projects/test12-402508/zones/asia-northeast3-a/instanceGroups/gke-gcpzg-gke-prod-a-gcpzg-nodepool-t-33551628-grp",
              "https://www.googleapis.com/compute/v1/projects/test12-402508/zones/asia-northeast3-b/instanceGroups/gke-gcpzg-gke-prod-a-gcpzg-nodepool-t-1a57c996-grp",
              "https://www.googleapis.com/compute/v1/projects/test12-402508/zones/asia-northeast3-c/instanceGroups/gke-gcpzg-gke-prod-a-gcpzg-nodepool-t-2588689f-grp"
            ],
            "management": [
              {
                "auto_repair": true,
                "auto_upgrade": true
              }
            ],
            "max_pods_per_node": 110,
            "name": "gcpzg-nodepool-test-ane3",
            "name_prefix": "",
            "node_config": [
              {
                "boot_disk_kms_key": "",
                "disk_size_gb": 10,
                "disk_type": "pd-balanced",
                "gcfs_config": [],
                "guest_accelerator": [],
                "gvnic": [],
                "image_type": "COS_CONTAINERD",
                "labels": {},
                "local_ssd_count": 0,
                "machine_type": "e2-small",
                "metadata": {
                  "disable-legacy-endpoints": "true"
                },
                "min_cpu_platform": "",
                "node_group": "",
                "oauth_scopes": [
                  "https://www.googleapis.com/auth/cloud-platform"
                ],
                "preemptible": false,
                "reservation_affinity": [],
                "service_account": "default",
                "shielded_instance_config": [
                  {
                    "enable_integrity_monitoring": true,
                    "enable_secure_boot": false
                  }
                ],
                "spot": false,
                "tags": null,
                "taint": [],
                "workload_metadata_config": []
              }
            ],
            "node_count": 2,
            "node_locations": [
              "asia-northeast3-a",
              "asia-northeast3-b",
              "asia-northeast3-c"
            ],
            "operation": null,
            "project": "test12-402508",
            "timeouts": null,
            "upgrade_settings": [
              {
                "max_surge": 1,
                "max_unavailable": 0
              }
            ],
            "version": "1.27.3-gke.100"
          },
          "sensitive_attributes": [],
          "private": "eyJlMmJmYjczMC1lY2FhLTExZTYtOGY4OC0zNDM2M2JjN2M0YzAiOnsiY3JlYXRlIjoxODAwMDAwMDAwMDAwLCJkZWxldGUiOjE4MDAwMDAwMDAwMDAsInVwZGF0ZSI6MTgwMDAwMDAwMDAwMH0sInNjaGVtYV92ZXJzaW9uIjoiMSJ9",
          "dependencies": [
            "google_compute_network.gcpzg_vpc",
            "google_compute_subnetwork.gcpzg_subnet_ane3",
            "google_container_cluster.gke_ane3_prod"
          ]
        }
      ]
    },
    {
      "mode": "managed",
      "type": "google_service_networking_connection",
      "name": "db_connection",
      "provider": "provider[\"registry.terraform.io/hashicorp/google\"]",
      "instances": [
        {
          "schema_version": 0,
          "attributes": {
            "id": "projects%2Ftest12-402508%2Fglobal%2Fnetworks%2Fgcpzg-vpc:servicenetworking.googleapis.com",
            "network": "projects/test12-402508/global/networks/gcpzg-vpc",
            "peering": "servicenetworking-googleapis-com",
            "reserved_peering_ranges": [
              "gcpzg-private-ip-address"
            ],
            "service": "servicenetworking.googleapis.com",
            "timeouts": null
          },
          "sensitive_attributes": [],
          "private": "eyJlMmJmYjczMC1lY2FhLTExZTYtOGY4OC0zNDM2M2JjN2M0YzAiOnsiY3JlYXRlIjo2MDAwMDAwMDAwMDAsImRlbGV0ZSI6NjAwMDAwMDAwMDAwLCJ1cGRhdGUiOjYwMDAwMDAwMDAwMH19",
          "dependencies": [
            "google_compute_global_address.db_private_ip_address",
            "google_compute_network.gcpzg_vpc"
          ]
        }
      ]
    },
    {
      "mode": "managed",
      "type": "google_sql_database",
      "name": "gcpzg_test_db_database",
      "provider": "provider[\"registry.terraform.io/hashicorp/google\"]",
      "instances": [
        {
          "schema_version": 0,
          "attributes": {
            "charset": "utf8",
            "collation": "utf8_general_ci",
            "id": "projects/test12-402508/instances/gcpzg-test-db-ane3/databases/petclinic",
            "instance": "gcpzg-test-db-ane3",
            "name": "petclinic",
            "project": "test12-402508",
            "self_link": "https://sqladmin.googleapis.com/sql/v1beta4/projects/test12-402508/instances/gcpzg-test-db-ane3/databases/petclinic",
            "timeouts": null
          },
          "sensitive_attributes": [],
          "private": "eyJlMmJmYjczMC1lY2FhLTExZTYtOGY4OC0zNDM2M2JjN2M0YzAiOnsiY3JlYXRlIjoxMjAwMDAwMDAwMDAwLCJkZWxldGUiOjEyMDAwMDAwMDAwMDAsInVwZGF0ZSI6MTIwMDAwMDAwMDAwMH19",
          "dependencies": [
            "google_compute_global_address.db_private_ip_address",
            "google_compute_network.gcpzg_vpc",
            "google_service_networking_connection.db_connection",
            "google_sql_database_instance.gcpzg_test_db_ane3"
          ]
        }
      ]
    },
    {
      "mode": "managed",
      "type": "google_sql_database_instance",
      "name": "gcpzg_test_db_ane3",
      "provider": "provider[\"registry.terraform.io/hashicorp/google\"]",
      "instances": [
        {
          "schema_version": 0,
          "attributes": {
            "available_maintenance_versions": [],
            "clone": [],
            "connection_name": "test12-402508:asia-northeast3:gcpzg-test-db-ane3",
            "database_version": "MYSQL_5_7",
            "deletion_protection": true,
            "encryption_key_name": null,
            "first_ip_address": "10.28.113.3",
            "id": "gcpzg-test-db-ane3",
            "ip_address": [
              {
                "ip_address": "10.28.113.3",
                "time_to_retire": "",
                "type": "PRIVATE"
              }
            ],
            "maintenance_version": "MYSQL_5_7_43.R20230909.02_00",
            "master_instance_name": "",
            "name": "gcpzg-test-db-ane3",
            "private_ip_address": "10.28.113.3",
            "project": "test12-402508",
            "public_ip_address": "",
            "region": "asia-northeast3",
            "replica_configuration": [],
            "restore_backup_context": [],
            "root_password": "gcpzg",
            "self_link": "https://sqladmin.googleapis.com/sql/v1beta4/projects/test12-402508/instances/gcpzg-test-db-ane3",
            "server_ca_cert": [
              {
                "cert": "-----BEGIN CERTIFICATE-----\nMIIDfzCCAmegAwIBAgIBADANBgkqhkiG9w0BAQsFADB3MS0wKwYDVQQuEyQwYTcy\nYmJhYS1mMGZjLTRjOTMtODA5YS03YmM1OGYxMDQxOTMxIzAhBgNVBAMTGkdvb2ds\nZSBDbG91ZCBTUUwgU2VydmVyIENBMRQwEgYDVQQKEwtHb29nbGUsIEluYzELMAkG\nA1UEBhMCVVMwHhcNMjMxMDI2MDIxNzU2WhcNMzMxMDIzMDIxODU2WjB3MS0wKwYD\nVQQuEyQwYTcyYmJhYS1mMGZjLTRjOTMtODA5YS03YmM1OGYxMDQxOTMxIzAhBgNV\nBAMTGkdvb2dsZSBDbG91ZCBTUUwgU2VydmVyIENBMRQwEgYDVQQKEwtHb29nbGUs\nIEluYzELMAkGA1UEBhMCVVMwggEiMA0GCSqGSIb3DQEBAQUAA4IBDwAwggEKAoIB\nAQCW9Is0Uruj1OdRzwsX0ElTE5Fm+eNCMpMt884q2KWFbaT8uukQiBNtlz9pYry+\nk3aAC7DlTm2/vjXuIBxbTGrwwUR5DgegfWbTbb8d3FQ+dM+8WXvhZveZClWSCkO0\nixEXBXm/ujq9meIPUnddjHeRTxUoxtU5kfY7JOHFUH3khcn4oRHOMbk7KGvhw5hC\nnyC6IV3SYe6kk0fIX3PY0QefNCUm6WdDztosVBx7NivEDIZ3wMxWvEQrJumv3ui0\nl6JezZLYMyt6x6GXGzT+7L4jhtrgKklHV+pRoNdkKDZ+1l3F5E4GtPEfAWNcB3xD\ntywG16HrGDRrNdmy9sQ+ev7ZAgMBAAGjFjAUMBIGA1UdEwEB/wQIMAYBAf8CAQAw\nDQYJKoZIhvcNAQELBQADggEBAA1l19KE52JU/xOrHHeVNFPWhkrgFH7BHaCgCnlQ\nuC0h9a7QlqHQ/CEoaZCp3wGb0DgkSVwLmgg8wBQlSo8sSqtUbrvmaqutYKzXt7Rj\ntYN54Wi7kyz20CR1bbOvfNcpggRYQpq8eY2U8mV5Hy0x6RzE6QDR21BN+5TR/TUR\n4A6EVxCIw+erE+XRsTzBStBsNDBuqtkK1l9BzJ7OAW3DlLUIPYhIdo9MDtlQ0ZSr\nLc8dqYb6bQ+bN1R2edFlIlXDNxRlbb5gVXeRoWWcde5atS+1wCDlRd7bxmaeePXH\nc2cKo07q+nsDxCwDhTL64HzhO5zJNjp2Z/V1v3wm7ssQ26s=\n-----END CERTIFICATE-----",
                "common_name": "C=US,O=Google\\, Inc,CN=Google Cloud SQL Server CA,dnQualifier=0a72bbaa-f0fc-4c93-809a-7bc58f104193",
                "create_time": "2023-10-26T02:17:56.566Z",
                "expiration_time": "2033-10-23T02:18:56.566Z",
                "sha1_fingerprint": "6dc762960b62b74c81a88dd7eddb2cd84efd22fc"
              }
            ],
            "service_account_email_address": "p1077879185634-igic01@gcp-sa-cloud-sql.iam.gserviceaccount.com",
            "settings": [
              {
                "activation_policy": "ALWAYS",
                "active_directory_config": [],
                "availability_type": "ZONAL",
                "backup_configuration": [
                  {
                    "backup_retention_settings": [
                      {
                        "retained_backups": 7,
                        "retention_unit": "COUNT"
                      }
                    ],
                    "binary_log_enabled": false,
                    "enabled": false,
                    "location": "",
                    "point_in_time_recovery_enabled": false,
                    "start_time": "19:00",
                    "transaction_log_retention_days": 7
                  }
                ],
                "collation": "",
                "database_flags": [],
                "disk_autoresize": true,
                "disk_autoresize_limit": 20,
                "disk_size": 10,
                "disk_type": "PD_SSD",
                "insights_config": [],
                "ip_configuration": [
                  {
                    "allocated_ip_range": "",
                    "authorized_networks": [],
                    "ipv4_enabled": false,
                    "private_network": "projects/test12-402508/global/networks/gcpzg-vpc",
                    "require_ssl": false
                  }
                ],
                "location_preference": [
                  {
                    "follow_gae_application": "",
                    "secondary_zone": "",
                    "zone": "asia-northeast3-a"
                  }
                ],
                "maintenance_window": [],
                "password_validation_policy": [],
                "pricing_plan": "PER_USE",
                "sql_server_audit_config": [],
                "tier": "db-f1-micro",
                "time_zone": "",
                "user_labels": {},
                "version": 1
              }
            ],
            "timeouts": null
          },
          "sensitive_attributes": [],
          "private": "eyJlMmJmYjczMC1lY2FhLTExZTYtOGY4OC0zNDM2M2JjN2M0YzAiOnsiY3JlYXRlIjoxODAwMDAwMDAwMDAwLCJkZWxldGUiOjE4MDAwMDAwMDAwMDAsInVwZGF0ZSI6MTgwMDAwMDAwMDAwMH19",
          "dependencies": [
            "google_compute_global_address.db_private_ip_address",
            "google_compute_network.gcpzg_vpc",
            "google_service_networking_connection.db_connection"
          ]
        }
      ]
    },
    {
      "mode": "managed",
      "type": "google_sql_user",
      "name": "gcpzg_test_db_user",
      "provider": "provider[\"registry.terraform.io/hashicorp/google\"]",
      "instances": [
        {
          "schema_version": 1,
          "attributes": {
            "deletion_policy": null,
            "host": "",
            "id": "petclinic//gcpzg-test-db-ane3",
            "instance": "gcpzg-test-db-ane3",
            "name": "petclinic",
            "password": "petclinic",
            "password_policy": [],
            "project": "test12-402508",
            "sql_server_user_details": [],
            "timeouts": null,
            "type": ""
          },
          "sensitive_attributes": [],
          "private": "eyJlMmJmYjczMC1lY2FhLTExZTYtOGY4OC0zNDM2M2JjN2M0YzAiOnsiY3JlYXRlIjo2MDAwMDAwMDAwMDAsImRlbGV0ZSI6NjAwMDAwMDAwMDAwLCJ1cGRhdGUiOjYwMDAwMDAwMDAwMH0sInNjaGVtYV92ZXJzaW9uIjoiMSJ9",
          "dependencies": [
            "google_compute_global_address.db_private_ip_address",
            "google_compute_network.gcpzg_vpc",
            "google_service_networking_connection.db_connection",
            "google_sql_database_instance.gcpzg_test_db_ane3"
          ]
        }
      ]
    },
    {
      "mode": "managed",
      "type": "google_storage_bucket",
      "name": "gcpzg_gcs",
      "provider": "provider[\"registry.terraform.io/hashicorp/google\"]",
      "instances": [
        {
          "schema_version": 0,
          "attributes": {
            "cors": [],
            "custom_placement_config": [],
            "default_event_based_hold": false,
            "encryption": [],
            "force_destroy": false,
            "id": "gcpzg-logging",
            "labels": null,
            "lifecycle_rule": [],
            "location": "ASIA-NORTHEAST3",
            "logging": [],
            "name": "gcpzg-logging",
            "project": "test12-402508",
            "public_access_prevention": "enforced",
            "requester_pays": false,
            "retention_policy": [],
            "self_link": "https://www.googleapis.com/storage/v1/b/gcpzg-logging",
            "storage_class": "COLDLINE",
            "timeouts": null,
            "uniform_bucket_level_access": false,
            "url": "gs://gcpzg-logging",
            "versioning": [],
            "website": []
          },
          "sensitive_attributes": [],
          "private": "eyJlMmJmYjczMC1lY2FhLTExZTYtOGY4OC0zNDM2M2JjN2M0YzAiOnsiY3JlYXRlIjoyNDAwMDAwMDAwMDAsInJlYWQiOjI0MDAwMDAwMDAwMCwidXBkYXRlIjoyNDAwMDAwMDAwMDB9fQ=="
        }
      ]
    }
  ],
  "check_results": null
}
